
Microsoft Visual Studio Solution File, Format Version 12.00
# Visual Studio Version 16
VisualStudioVersion = 16.0.29905.134
MinimumVisualStudioVersion = 10.0.40219.1
Project("{9A19103F-16F7-4668-BE54-9A1E7A4F7556}") = "BowlingBall", "BowlingBall\BowlingBall.csproj", "{94C7D2A3-7EAB-4FF2-9E87-72DB7DA10F9B}"
EndProject
Project("{9A19103F-16F7-4668-BE54-9A1E7A4F7556}") = "BowlingBall.Tests", "BowlingBall.Tests\BowlingBall.Tests.csproj", "{9B1BA1C2-365D-4208-B9BE-F3F826D258C4}"
EndProject
Project("{9A19103F-16F7-4668-BE54-9A1E7A4F7556}") = "BowlingBall.Domain", "BowlingBall.Domain\BowlingBall.Domain.csproj", "{8CE436EE-F584-4B3B-A29B-6AD0E9039E3A}"
EndProject
Project("{9A19103F-16F7-4668-BE54-9A1E7A4F7556}") = "BowlingBall.Engine", "BowlingBall.Engine\BowlingBall.Engine.csproj", "{F184A53E-800A-40D9-B3A5-F196AA9016C7}"
EndProject
Project("{FAE04EC0-301F-11D3-BF4B-00C04F79EFBC}") = "BowlingBallScoreCalculator", "BowlingBallScoreCalculator\BowlingBallScoreCalculator.csproj", "{A891A2FB-DF52-4EF3-A0A1-854B283FCD21}"
EndProject
Global
	GlobalSection(SolutionConfigurationPlatforms) = preSolution
		Debug|Any CPU = Debug|Any CPU
		Release|Any CPU = Release|Any CPU
	EndGlobalSection
	GlobalSection(ProjectConfigurationPlatforms) = postSolution
		{94C7D2A3-7EAB-4FF2-9E87-72DB7DA10F9B}.Debug|Any CPU.ActiveCfg = Debug|Any CPU
		{94C7D2A3-7EAB-4FF2-9E87-72DB7DA10F9B}.Debug|Any CPU.Build.0 = Debug|Any CPU
		{94C7D2A3-7EAB-4FF2-9E87-72DB7DA10F9B}.Release|Any CPU.ActiveCfg = Release|Any CPU
		{94C7D2A3-7EAB-4FF2-9E87-72DB7DA10F9B}.Release|Any CPU.Build.0 = Release|Any CPU
		{9B1BA1C2-365D-4208-B9BE-F3F826D258C4}.Debug|Any CPU.ActiveCfg = Debug|Any CPU
		{9B1BA1C2-365D-4208-B9BE-F3F826D258C4}.Debug|Any CPU.Build.0 = Debug|Any CPU
		{9B1BA1C2-365D-4208-B9BE-F3F826D258C4}.Release|Any CPU.ActiveCfg = Release|Any CPU
		{9B1BA1C2-365D-4208-B9BE-F3F826D258C4}.Release|Any CPU.Build.0 = Release|Any CPU
		{8CE436EE-F584-4B3B-A29B-6AD0E9039E3A}.Debug|Any CPU.ActiveCfg = Debug|Any CPU
		{8CE436EE-F584-4B3B-A29B-6AD0E9039E3A}.Debug|Any CPU.Build.0 = Debug|Any CPU
		{8CE436EE-F584-4B3B-A29B-6AD0E9039E3A}.Release|Any CPU.ActiveCfg = Release|Any CPU
		{8CE436EE-F584-4B3B-A29B-6AD0E9039E3A}.Release|Any CPU.Build.0 = Release|Any CPU
		{F184A53E-800A-40D9-B3A5-F196AA9016C7}.Debug|Any CPU.ActiveCfg = Debug|Any CPU
		{F184A53E-800A-40D9-B3A5-F196AA9016C7}.Debug|Any CPU.Build.0 = Debug|Any CPU
		{F184A53E-800A-40D9-B3A5-F196AA9016C7}.Release|Any CPU.ActiveCfg = Release|Any CPU
		{F184A53E-800A-40D9-B3A5-F196AA9016C7}.Release|Any CPU.Build.0 = Release|Any CPU
		{A891A2FB-DF52-4EF3-A0A1-854B283FCD21}.Debug|Any CPU.ActiveCfg = Debug|Any CPU
		{A891A2FB-DF52-4EF3-A0A1-854B283FCD21}.Debug|Any CPU.Build.0 = Debug|Any CPU
		{A891A2FB-DF52-4EF3-A0A1-854B283FCD21}.Release|Any CPU.ActiveCfg = Release|Any CPU
		{A891A2FB-DF52-4EF3-A0A1-854B283FCD21}.Release|Any CPU.Build.0 = Release|Any CPU
	EndGlobalSection
	GlobalSection(SolutionProperties) = preSolution
		HideSolutionNode = FALSE
	EndGlobalSection
	GlobalSection(ExtensibilityGlobals) = postSolution
		SolutionGuid = {FDB177E6-937F-4C10-9D16-13C5139D63FC}
	EndGlobalSection
EndGlobal
